
Microsoft Visual Studio Solution File, Format Version 12.00
# Visual Studio Version 16
VisualStudioVersion = 16.0.29503.13
MinimumVisualStudioVersion = 10.0.40219.1
Project("{FAE04EC0-301F-11D3-BF4B-00C04F79EFBC}") = "Hiper.Academia.Asp.Net.Core.Web", "Hiper.Academia.Asp.Net.Core.Web\Hiper.Academia.Asp.Net.Core.Web.csproj", "{05539FC2-DEFA-4E9A-8BCA-7FC74AA89081}"
EndProject
Global
	GlobalSection(SolutionConfigurationPlatforms) = preSolution
		Debug|Any CPU = Debug|Any CPU
		Release|Any CPU = Release|Any CPU
	EndGlobalSection
	GlobalSection(ProjectConfigurationPlatforms) = postSolution
		{05539FC2-DEFA-4E9A-8BCA-7FC74AA89081}.Debug|Any CPU.ActiveCfg = Debug|Any CPU
		{05539FC2-DEFA-4E9A-8BCA-7FC74AA89081}.Debug|Any CPU.Build.0 = Debug|Any CPU
		{05539FC2-DEFA-4E9A-8BCA-7FC74AA89081}.Release|Any CPU.ActiveCfg = Release|Any CPU
		{05539FC2-DEFA-4E9A-8BCA-7FC74AA89081}.Release|Any CPU.Build.0 = Release|Any CPU
	EndGlobalSection
	GlobalSection(SolutionProperties) = preSolution
		HideSolutionNode = FALSE
	EndGlobalSection
	GlobalSection(ExtensibilityGlobals) = postSolution
		SolutionGuid = {5D2EB8D1-00BE-497A-81EC-C70D45B4F8D3}
	EndGlobalSection
EndGlobal
